
Microsoft Visual Studio Solution File, Format Version 12.00
# Visual Studio Version 17
VisualStudioVersion = 17.14.36623.8
MinimumVisualStudioVersion = 10.0.40219.1
Project("{FAE04EC0-301F-11D3-BF4B-00C04F79EFBC}") = "Unlimited_range", "Unlimited range\Unlimited_range.csproj", "{8F2A5E1B-532E-4474-97AF-789FC62BBF2B}"
EndProject
Global
	GlobalSection(SolutionConfigurationPlatforms) = preSolution
		Debug|Any CPU = Debug|Any CPU
		Release|Any CPU = Release|Any CPU
	EndGlobalSection
	GlobalSection(ProjectConfigurationPlatforms) = postSolution
		{8F2A5E1B-532E-4474-97AF-789FC62BBF2B}.Debug|Any CPU.ActiveCfg = Debug|Any CPU
		{8F2A5E1B-532E-4474-97AF-789FC62BBF2B}.Debug|Any CPU.Build.0 = Debug|Any CPU
		{8F2A5E1B-532E-4474-97AF-789FC62BBF2B}.Release|Any CPU.ActiveCfg = Release|Any CPU
		{8F2A5E1B-532E-4474-97AF-789FC62BBF2B}.Release|Any CPU.Build.0 = Release|Any CPU
	EndGlobalSection
	GlobalSection(SolutionProperties) = preSolution
		HideSolutionNode = FALSE
	EndGlobalSection
	GlobalSection(ExtensibilityGlobals) = postSolution
		SolutionGuid = {FA390B88-A263-474E-8090-E29337CF2C33}
	EndGlobalSection
EndGlobal
